Microsoft Visual Studio Solution File, Format Version 12.00
# Visual Studio Version 17
VisualStudioVersion = 17.5.2.0
MinimumVisualStudioVersion = 10.0.40219.1
Project("{FAE04EC0-301F-11D3-BF4B-00C04F79EFBC}") = "VisionSoft", "VisionSoft.csproj", "{2EF90DDB-8D6C-6E2D-973D-A4E671C628B1}"
EndProject
Global
	GlobalSection(SolutionConfigurationPlatforms) = preSolution
		Debug|Any CPU = Debug|Any CPU
		Release|Any CPU = Release|Any CPU
	EndGlobalSection
	GlobalSection(ProjectConfigurationPlatforms) = postSolution
		{2EF90DDB-8D6C-6E2D-973D-A4E671C628B1}.Debug|Any CPU.ActiveCfg = Debug|Any CPU
		{2EF90DDB-8D6C-6E2D-973D-A4E671C628B1}.Debug|Any CPU.Build.0 = Debug|Any CPU
		{2EF90DDB-8D6C-6E2D-973D-A4E671C628B1}.Release|Any CPU.ActiveCfg = Release|Any CPU
		{2EF90DDB-8D6C-6E2D-973D-A4E671C628B1}.Release|Any CPU.Build.0 = Release|Any CPU
	EndGlobalSection
	GlobalSection(SolutionProperties) = preSolution
		HideSolutionNode = FALSE
	EndGlobalSection
	GlobalSection(ExtensibilityGlobals) = postSolution
		SolutionGuid = {11E3D696-D820-4E3D-BD77-758EB0270712}
	EndGlobalSection
EndGlobal
